
Microsoft Visual Studio Solution File, Format Version 12.00
# Visual Studio 14
VisualStudioVersion = 14.0.25420.1
MinimumVisualStudioVersion = 10.0.40219.1
Project("{FAE04EC0-301F-11D3-BF4B-00C04F79EFBC}") = "EntityViewer", "EntityViewer\EntityViewer.csproj", "{1B777241-8838-4A67-9251-60E9AFC3A722}"
EndProject
Project("{FAE04EC0-301F-11D3-BF4B-00C04F79EFBC}") = "EntityViewerWeb", "EntityViewerWeb\EntityViewerWeb.csproj", "{D3316F01-2483-4FE2-8EB8-AB7A2ED3F24C}"
EndProject
Global
	GlobalSection(SolutionConfigurationPlatforms) = preSolution
		Debug|Any CPU = Debug|Any CPU
		Release|Any CPU = Release|Any CPU
	EndGlobalSection
	GlobalSection(ProjectConfigurationPlatforms) = postSolution
		{1B777241-8838-4A67-9251-60E9AFC3A722}.Debug|Any CPU.ActiveCfg = Debug|Any CPU
		{1B777241-8838-4A67-9251-60E9AFC3A722}.Debug|Any CPU.Build.0 = Debug|Any CPU
		{1B777241-8838-4A67-9251-60E9AFC3A722}.Debug|Any CPU.Deploy.0 = Debug|Any CPU
		{1B777241-8838-4A67-9251-60E9AFC3A722}.Release|Any CPU.ActiveCfg = Release|Any CPU
		{1B777241-8838-4A67-9251-60E9AFC3A722}.Release|Any CPU.Build.0 = Release|Any CPU
		{1B777241-8838-4A67-9251-60E9AFC3A722}.Release|Any CPU.Deploy.0 = Release|Any CPU
		{D3316F01-2483-4FE2-8EB8-AB7A2ED3F24C}.Debug|Any CPU.ActiveCfg = Debug|Any CPU
		{D3316F01-2483-4FE2-8EB8-AB7A2ED3F24C}.Debug|Any CPU.Build.0 = Debug|Any CPU
		{D3316F01-2483-4FE2-8EB8-AB7A2ED3F24C}.Release|Any CPU.ActiveCfg = Release|Any CPU
		{D3316F01-2483-4FE2-8EB8-AB7A2ED3F24C}.Release|Any CPU.Build.0 = Release|Any CPU
	EndGlobalSection
	GlobalSection(SolutionProperties) = preSolution
		HideSolutionNode = FALSE
	EndGlobalSection
EndGlobal
